
Microsoft Visual Studio Solution File, Format Version 12.00
# Visual Studio 15
VisualStudioVersion = 15.0.28307.645
MinimumVisualStudioVersion = 10.0.40219.1
Project("{9A19103F-16F7-4668-BE54-9A1E7A4F7556}") = "QJ_OneLotusV3", "QJ_OneLotusV3\QJ_OneLotusV3.csproj", "{00C78F9E-94AF-4226-B1B9-3522906764A2}"
EndProject
Project("{9A19103F-16F7-4668-BE54-9A1E7A4F7556}") = "QJY.Data", "QJY.Data\QJY.Data.csproj", "{F1818591-4918-479C-AA01-B7876D43FB4B}"
EndProject
Project("{9A19103F-16F7-4668-BE54-9A1E7A4F7556}") = "QJY.Common", "QJY.Common\QJY.Common.csproj", "{A4157BA7-8C5C-48C1-8D16-ECBD66B747E0}"
EndProject
Project("{9A19103F-16F7-4668-BE54-9A1E7A4F7556}") = "QJY.API", "QJY.API\QJY.API.csproj", "{B181DE68-FBBD-4295-AD1A-EEF223032DF3}"
EndProject
Global
	GlobalSection(SolutionConfigurationPlatforms) = preSolution
		Debug|Any CPU = Debug|Any CPU
		Release|Any CPU = Release|Any CPU
	EndGlobalSection
	GlobalSection(ProjectConfigurationPlatforms) = postSolution
		{00C78F9E-94AF-4226-B1B9-3522906764A2}.Debug|Any CPU.ActiveCfg = Debug|Any CPU
		{00C78F9E-94AF-4226-B1B9-3522906764A2}.Debug|Any CPU.Build.0 = Debug|Any CPU
		{00C78F9E-94AF-4226-B1B9-3522906764A2}.Release|Any CPU.ActiveCfg = Release|Any CPU
		{00C78F9E-94AF-4226-B1B9-3522906764A2}.Release|Any CPU.Build.0 = Release|Any CPU
		{F1818591-4918-479C-AA01-B7876D43FB4B}.Debug|Any CPU.ActiveCfg = Debug|Any CPU
		{F1818591-4918-479C-AA01-B7876D43FB4B}.Debug|Any CPU.Build.0 = Debug|Any CPU
		{F1818591-4918-479C-AA01-B7876D43FB4B}.Release|Any CPU.ActiveCfg = Release|Any CPU
		{F1818591-4918-479C-AA01-B7876D43FB4B}.Release|Any CPU.Build.0 = Release|Any CPU
		{A4157BA7-8C5C-48C1-8D16-ECBD66B747E0}.Debug|Any CPU.ActiveCfg = Debug|Any CPU
		{A4157BA7-8C5C-48C1-8D16-ECBD66B747E0}.Debug|Any CPU.Build.0 = Debug|Any CPU
		{A4157BA7-8C5C-48C1-8D16-ECBD66B747E0}.Release|Any CPU.ActiveCfg = Release|Any CPU
		{A4157BA7-8C5C-48C1-8D16-ECBD66B747E0}.Release|Any CPU.Build.0 = Release|Any CPU
		{B181DE68-FBBD-4295-AD1A-EEF223032DF3}.Debug|Any CPU.ActiveCfg = Debug|Any CPU
		{B181DE68-FBBD-4295-AD1A-EEF223032DF3}.Debug|Any CPU.Build.0 = Debug|Any CPU
		{B181DE68-FBBD-4295-AD1A-EEF223032DF3}.Release|Any CPU.ActiveCfg = Release|Any CPU
		{B181DE68-FBBD-4295-AD1A-EEF223032DF3}.Release|Any CPU.Build.0 = Release|Any CPU
	EndGlobalSection
	GlobalSection(SolutionProperties) = preSolution
		HideSolutionNode = FALSE
	EndGlobalSection
	GlobalSection(ExtensibilityGlobals) = postSolution
		SolutionGuid = {393C3FAC-7B3F-4D27-846C-5AD34DE64F26}
	EndGlobalSection
EndGlobal
